// !$*UTF8*$!
{
	archiveVersion = 1;
	classes = {
	};
	objectVersion = 56;
	objects = {

/* Begin PBXBuildFile section */
		388B6E252C57BA630093956A /* FitFrenzyView.swift in Sources */ = {isa = PBXBuildFile; fileRef = 388B6E242C57BA620093956A /* FitFrenzyView.swift */; };
		388B6E292C57BC580093956A /* FitFrenzyTabView.swift in Sources */ = {isa = PBXBuildFile; fileRef = 388B6E282C57BC580093956A /* FitFrenzyTabView.swift */; };
		388B6E2B2C57BCA60093956A /* HomeView.swift in Sources */ = {isa = PBXBuildFile; fileRef = 388B6E2A2C57BCA60093956A /* HomeView.swift */; };
		388B6E2F2C57C3110093956A /* FitnessView.swift in Sources */ = {isa = PBXBuildFile; fileRef = 388B6E2E2C57C3110093956A /* FitnessView.swift */; };
		388B6E312C57C81C0093956A /* CircleImage.swift in Sources */ = {isa = PBXBuildFile; fileRef = 388B6E302C57C81C0093956A /* CircleImage.swift */; };
		388B6E332C57CC8C0093956A /* ProfileView.swift in Sources */ = {isa = PBXBuildFile; fileRef = 388B6E322C57CC8C0093956A /* ProfileView.swift */; };
		38A854BA2C5787E40036D517 /* FitFrenzyApp.swift in Sources */ = {isa = PBXBuildFile; fileRef = 38A854B92C5787E40036D517 /* FitFrenzyApp.swift */; };
		38A854BC2C5787E40036D517 /* ContentView.swift in Sources */ = {isa = PBXBuildFile; fileRef = 38A854BB2C5787E40036D517 /* ContentView.swift */; };
		38A854BE2C5787E60036D517 /* Assets.xcassets in Resources */ = {isa = PBXBuildFile; fileRef = 38A854BD2C5787E60036D517 /* Assets.xcassets */; };
		38A854C12C5787E60036D517 /* Preview Assets.xcassets in Resources */ = {isa = PBXBuildFile; fileRef = 38A854C02C5787E60036D517 /* Preview Assets.xcassets */; };
		38A854CB2C5787E60036D517 /* FitFrenzyTests.swift in Sources */ = {isa = PBXBuildFile; fileRef = 38A854CA2C5787E60036D517 /* FitFrenzyTests.swift */; };
		38A854D52C5787E60036D517 /* FitFrenzyUITests.swift in Sources */ = {isa = PBXBuildFile; fileRef = 38A854D42C5787E60036D517 /* FitFrenzyUITests.swift */; };
		38A854D72C5787E60036D517 /* FitFrenzyUITestsLaunchTests.swift in Sources */ = {isa = PBXBuildFile; fileRef = 38A854D62C5787E60036D517 /* FitFrenzyUITestsLaunchTests.swift */; };
		38BDC36D2C58D76700E5BD93 /* ActivityCard.swift in Sources */ = {isa = PBXBuildFile; fileRef = 38BDC36C2C58D76700E5BD93 /* ActivityCard.swift */; };
		38BDC3712C58DC9500E5BD93 /* HealthManager.swift in Sources */ = {isa = PBXBuildFile; fileRef = 38BDC3702C58DC9500E5BD93 /* HealthManager.swift */; };
/* End PBXBuildFile section */

/* Begin PBXContainerItemProxy section */
		38A854C72C5787E60036D517 /* PBXContainerItemProxy */ = {
			isa = PBXContainerItemProxy;
			containerPortal = 38A854AE2C5787E40036D517 /* Project object */;
			proxyType = 1;
			remoteGlobalIDString = 38A854B52C5787E40036D517;
			remoteInfo = FitFrenzy;
		};
		38A854D12C5787E60036D517 /* PBXContainerItemProxy */ = {
			isa = PBXContainerItemProxy;
			containerPortal = 38A854AE2C5787E40036D517 /* Project object */;
			proxyType = 1;
			remoteGlobalIDString = 38A854B52C5787E40036D517;
			remoteInfo = FitFrenzy;
		};
/* End PBXContainerItemProxy section */

/* Begin PBXFileReference section */
		388B6E242C57BA620093956A /* FitFrenzyView.swift */ = {isa = PBXFileReference; lastKnownFileType = sourcecode.swift; path = FitFrenzyView.swift; sourceTree = "<group>"; };
		388B6E282C57BC580093956A /* FitFrenzyTabView.swift */ = {isa = PBXFileReference; lastKnownFileType = sourcecode.swift; path = FitFrenzyTabView.swift; sourceTree = "<group>"; };
		388B6E2A2C57BCA60093956A /* HomeView.swift */ = {isa = PBXFileReference; lastKnownFileType = sourcecode.swift; path = HomeView.swift; sourceTree = "<group>"; };
		388B6E2E2C57C3110093956A /* FitnessView.swift */ = {isa = PBXFileReference; lastKnownFileType = sourcecode.swift; path = FitnessView.swift; sourceTree = "<group>"; };
		388B6E302C57C81C0093956A /* CircleImage.swift */ = {isa = PBXFileReference; lastKnownFileType = sourcecode.swift; path = CircleImage.swift; sourceTree = "<group>"; };
		388B6E322C57CC8C0093956A /* ProfileView.swift */ = {isa = PBXFileReference; lastKnownFileType = sourcecode.swift; path = ProfileView.swift; sourceTree = "<group>"; };
		38A854B62C5787E40036D517 /* FitFrenzy.app */ = {isa = PBXFileReference; explicitFileType = wrapper.application; includeInIndex = 0; path = FitFrenzy.app; sourceTree = BUILT_PRODUCTS_DIR; };
		38A854B92C5787E40036D517 /* FitFrenzyApp.swift */ = {isa = PBXFileReference; lastKnownFileType = sourcecode.swift; path = FitFrenzyApp.swift; sourceTree = "<group>"; };
		38A854BB2C5787E40036D517 /* ContentView.swift */ = {isa = PBXFileReference; lastKnownFileType = sourcecode.swift; path = ContentView.swift; sourceTree = "<group>"; };
		38A854BD2C5787E60036D517 /* Assets.xcassets */ = {isa = PBXFileReference; lastKnownFileType = folder.assetcatalog; path = Assets.xcassets; sourceTree = "<group>"; };
		38A854C02C5787E60036D517 /* Preview Assets.xcassets */ = {isa = PBXFileReference; lastKnownFileType = folder.assetcatalog; path = "Preview Assets.xcassets"; sourceTree = "<group>"; };
		38A854C62C5787E60036D517 /* FitFrenzyTests.xctest */ = {isa = PBXFileReference; explicitFileType = wrapper.cfbundle; includeInIndex = 0; path = FitFrenzyTests.xctest; sourceTree = BUILT_PRODUCTS_DIR; };
		38A854CA2C5787E60036D517 /* FitFrenzyTests.swift */ = {isa = PBXFileReference; lastKnownFileType = sourcecode.swift; path = FitFrenzyTests.swift; sourceTree = "<group>"; };
		38A854D02C5787E60036D517 /* FitFrenzyUITests.xctest */ = {isa = PBXFileReference; explicitFileType = wrapper.cfbundle; includeInIndex = 0; path = FitFrenzyUITests.xctest; sourceTree = BUILT_PRODUCTS_DIR; };
		38A854D42C5787E60036D517 /* FitFrenzyUITests.swift */ = {isa = PBXFileReference; lastKnownFileType = sourcecode.swift; path = FitFrenzyUITests.swift; sourceTree = "<group>"; };
		38A854D62C5787E60036D517 /* FitFrenzyUITestsLaunchTests.swift */ = {isa = PBXFileReference; lastKnownFileType = sourcecode.swift; path = FitFrenzyUITestsLaunchTests.swift; sourceTree = "<group>"; };
		38BDC36C2C58D76700E5BD93 /* ActivityCard.swift */ = {isa = PBXFileReference; lastKnownFileType = sourcecode.swift; path = ActivityCard.swift; sourceTree = "<group>"; };
		38BDC3702C58DC9500E5BD93 /* HealthManager.swift */ = {isa = PBXFileReference; lastKnownFileType = sourcecode.swift; path = HealthManager.swift; sourceTree = "<group>"; };
		38BDC3722C58DE7F00E5BD93 /* FitFrenzy.entitlements */ = {isa = PBXFileReference; lastKnownFileType = text.plist.entitlements; path = FitFrenzy.entitlements; sourceTree = "<group>"; };
/* End PBXFileReference section */

/* Begin PBXFrameworksBuildPhase section */
		38A854B32C5787E40036D517 /* Frameworks */ = {
			isa = PBXFrameworksBuildPhase;
			buildActionMask = 2147483647;
			files = (
			);
			runOnlyForDeploymentPostprocessing = 0;
		};
		38A854C32C5787E60036D517 /* Frameworks */ = {
			isa = PBXFrameworksBuildPhase;
			buildActionMask = 2147483647;
			files = (
			);
			runOnlyForDeploymentPostprocessing = 0;
		};
		38A854CD2C5787E60036D517 /* Frameworks */ = {
			isa = PBXFrameworksBuildPhase;
			buildActionMask = 2147483647;
			files = (
			);
			runOnlyForDeploymentPostprocessing = 0;
		};
/* End PBXFrameworksBuildPhase section */

/* Begin PBXGroup section */
		38A854AD2C5787E40036D517 = {
			isa = PBXGroup;
			children = (
				38A854B82C5787E40036D517 /* FitFrenzy */,
				38A854C92C5787E60036D517 /* FitFrenzyTests */,
				38A854D32C5787E60036D517 /* FitFrenzyUITests */,
				38A854B72C5787E40036D517 /* Products */,
			);
			sourceTree = "<group>";
		};
		38A854B72C5787E40036D517 /* Products */ = {
			isa = PBXGroup;
			children = (
				38A854B62C5787E40036D517 /* FitFrenzy.app */,
				38A854C62C5787E60036D517 /* FitFrenzyTests.xctest */,
				38A854D02C5787E60036D517 /* FitFrenzyUITests.xctest */,
			);
			name = Products;
			sourceTree = "<group>";
		};
		38A854B82C5787E40036D517 /* FitFrenzy */ = {
			isa = PBXGroup;
			children = (
				38BDC3722C58DE7F00E5BD93 /* FitFrenzy.entitlements */,
				38BDC3702C58DC9500E5BD93 /* HealthManager.swift */,
				38A854B92C5787E40036D517 /* FitFrenzyApp.swift */,
				38A854BB2C5787E40036D517 /* ContentView.swift */,
				38A854BD2C5787E60036D517 /* Assets.xcassets */,
				38A854BF2C5787E60036D517 /* Preview Content */,
				388B6E242C57BA620093956A /* FitFrenzyView.swift */,
				388B6E282C57BC580093956A /* FitFrenzyTabView.swift */,
				388B6E2A2C57BCA60093956A /* HomeView.swift */,
				388B6E2E2C57C3110093956A /* FitnessView.swift */,
				388B6E302C57C81C0093956A /* CircleImage.swift */,
				388B6E322C57CC8C0093956A /* ProfileView.swift */,
				38BDC36C2C58D76700E5BD93 /* ActivityCard.swift */,
			);
			path = FitFrenzy;
			sourceTree = "<group>";
		};
		38A854BF2C5787E60036D517 /* Preview Content */ = {
			isa = PBXGroup;
			children = (
				38A854C02C5787E60036D517 /* Preview Assets.xcassets */,
			);
			path = "Preview Content";
			sourceTree = "<group>";
		};
		38A854C92C5787E60036D517 /* FitFrenzyTests */ = {
			isa = PBXGroup;
			children = (
				38A854CA2C5787E60036D517 /* FitFrenzyTests.swift */,
			);
			path = FitFrenzyTests;
			sourceTree = "<group>";
		};
		38A854D32C5787E60036D517 /* FitFrenzyUITests */ = {
			isa = PBXGroup;
			children = (
				38A854D42C5787E60036D517 /* FitFrenzyUITests.swift */,
				38A854D62C5787E60036D517 /* FitFrenzyUITestsLaunchTests.swift */,
			);
			path = FitFrenzyUITests;
			sourceTree = "<group>";
		};
/* End PBXGroup section */

/* Begin PBXNativeTarget section */
		38A854B52C5787E40036D517 /* FitFrenzy */ = {
			isa = PBXNativeTarget;
			buildConfigurationList = 38A854DA2C5787E60036D517 /* Build configuration list for PBXNativeTarget "FitFrenzy" */;
			buildPhases = (
				38A854B22C5787E40036D517 /* Sources */,
				38A854B32C5787E40036D517 /* Frameworks */,
				38A854B42C5787E40036D517 /* Resources */,
			);
			buildRules = (
			);
			dependencies = (
			);
			name = FitFrenzy;
			productName = FitFrenzy;
			productReference = 38A854B62C5787E40036D517 /* FitFrenzy.app */;
			productType = "com.apple.product-type.application";
		};
		38A854C52C5787E60036D517 /* FitFrenzyTests */ = {
			isa = PBXNativeTarget;
			buildConfigurationList = 38A854DD2C5787E60036D517 /* Build configuration list for PBXNativeTarget "FitFrenzyTests" */;
			buildPhases = (
				38A854C22C5787E60036D517 /* Sources */,
				38A854C32C5787E60036D517 /* Frameworks */,
				38A854C42C5787E60036D517 /* Resources */,
			);
			buildRules = (
			);
			dependencies = (
				38A854C82C5787E60036D517 /* PBXTargetDependency */,
			);
			name = FitFrenzyTests;
			productName = FitFrenzyTests;
			productReference = 38A854C62C5787E60036D517 /* FitFrenzyTests.xctest */;
			productType = "com.apple.product-type.bundle.unit-test";
		};
		38A854CF2C5787E60036D517 /* FitFrenzyUITests */ = {
			isa = PBXNativeTarget;
			buildConfigurationList = 38A854E02C5787E60036D517 /* Build configuration list for PBXNativeTarget "FitFrenzyUITests" */;
			buildPhases = (
				38A854CC2C5787E60036D517 /* Sources */,
				38A854CD2C5787E60036D517 /* Frameworks */,
				38A854CE2C5787E60036D517 /* Resources */,
			);
			buildRules = (
			);
			dependencies = (
				38A854D22C5787E60036D517 /* PBXTargetDependency */,
			);
			name = FitFrenzyUITests;
			productName = FitFrenzyUITests;
			productReference = 38A854D02C5787E60036D517 /* FitFrenzyUITests.xctest */;
			productType = "com.apple.product-type.bundle.ui-testing";
		};
/* End PBXNativeTarget section */

/* Begin PBXProject section */
		38A854AE2C5787E40036D517 /* Project object */ = {
			isa = PBXProject;
			attributes = {
				BuildIndependentTargetsInParallel = 1;
				LastSwiftUpdateCheck = 1540;
				LastUpgradeCheck = 1540;
				TargetAttributes = {
					38A854B52C5787E40036D517 = {
						CreatedOnToolsVersion = 15.4;
					};
					38A854C52C5787E60036D517 = {
						CreatedOnToolsVersion = 15.4;
						TestTargetID = 38A854B52C5787E40036D517;
					};
					38A854CF2C5787E60036D517 = {
						CreatedOnToolsVersion = 15.4;
						TestTargetID = 38A854B52C5787E40036D517;
					};
				};
			};
			buildConfigurationList = 38A854B12C5787E40036D517 /* Build configuration list for PBXProject "FitFrenzy" */;
			compatibilityVersion = "Xcode 14.0";
			developmentRegion = en;
			hasScannedForEncodings = 0;
			knownRegions = (
				en,
				Base,
			);
			mainGroup = 38A854AD2C5787E40036D517;
			productRefGroup = 38A854B72C5787E40036D517 /* Products */;
			projectDirPath = "";
			projectRoot = "";
			targets = (
				38A854B52C5787E40036D517 /* FitFrenzy */,
				38A854C52C5787E60036D517 /* FitFrenzyTests */,
				38A854CF2C5787E60036D517 /* FitFrenzyUITests */,
			);
		};
/* End PBXProject section */

/* Begin PBXResourcesBuildPhase section */
		38A854B42C5787E40036D517 /* Resources */ = {
			isa = PBXResourcesBuildPhase;
			buildActionMask = 2147483647;
			files = (
				38A854C12C5787E60036D517 /* Preview Assets.xcassets in Resources */,
				38A854BE2C5787E60036D517 /* Assets.xcassets in Resources */,
			);
			runOnlyForDeploymentPostprocessing = 0;
		};
		38A854C42C5787E60036D517 /* Resources */ = {
			isa = PBXResourcesBuildPhase;
			buildActionMask = 2147483647;
			files = (
			);
			runOnlyForDeploymentPostprocessing = 0;
		};
		38A854CE2C5787E60036D517 /* Resources */ = {
			isa = PBXResourcesBuildPhase;
			buildActionMask = 2147483647;
			files = (
			);
			runOnlyForDeploymentPostprocessing = 0;
		};
/* End PBXResourcesBuildPhase section */

/* Begin PBXSourcesBuildPhase section */
		38A854B22C5787E40036D517 /* Sources */ = {
			isa = PBXSourcesBuildPhase;
			buildActionMask = 2147483647;
			files = (
				388B6E332C57CC8C0093956A /* ProfileView.swift in Sources */,
				388B6E292C57BC580093956A /* FitFrenzyTabView.swift in Sources */,
				38BDC36D2C58D76700E5BD93 /* ActivityCard.swift in Sources */,
				388B6E2F2C57C3110093956A /* FitnessView.swift in Sources */,
				388B6E252C57BA630093956A /* FitFrenzyView.swift in Sources */,
				388B6E312C57C81C0093956A /* CircleImage.swift in Sources */,
				388B6E2B2C57BCA60093956A /* HomeView.swift in Sources */,
				38A854BC2C5787E40036D517 /* ContentView.swift in Sources */,
				38A854BA2C5787E40036D517 /* FitFrenzyApp.swift in Sources */,
				38BDC3712C58DC9500E5BD93 /* HealthManager.swift in Sources */,
			);
			runOnlyForDeploymentPostprocessing = 0;
		};
		38A854C22C5787E60036D517 /* Sources */ = {
			isa = PBXSourcesBuildPhase;
			buildActionMask = 2147483647;
			files = (
				38A854CB2C5787E60036D517 /* FitFrenzyTests.swift in Sources */,
			);
			runOnlyForDeploymentPostprocessing = 0;
		};
		38A854CC2C5787E60036D517 /* Sources */ = {
			isa = PBXSourcesBuildPhase;
			buildActionMask = 2147483647;
			files = (
				38A854D72C5787E60036D517 /* FitFrenzyUITestsLaunchTests.swift in Sources */,
				38A854D52C5787E60036D517 /* FitFrenzyUITests.swift in Sources */,
			);
			runOnlyForDeploymentPostprocessing = 0;
		};
/* End PBXSourcesBuildPhase section */

/* Begin PBXTargetDependency section */
		38A854C82C5787E60036D517 /* PBXTargetDependency */ = {
			isa = PBXTargetDependency;
			target = 38A854B52C5787E40036D517 /* FitFrenzy */;
			targetProxy = 38A854C72C5787E60036D517 /* PBXContainerItemProxy */;
		};
		38A854D22C5787E60036D517 /* PBXTargetDependency */ = {
			isa = PBXTargetDependency;
			target = 38A854B52C5787E40036D517 /* FitFrenzy */;
			targetProxy = 38A854D12C5787E60036D517 /* PBXContainerItemProxy */;
		};
/* End PBXTargetDependency section */

/* Begin XCBuildConfiguration section */
		38A854D82C5787E60036D517 /* Debug */ = {
			isa = XCBuildConfiguration;
			buildSettings = {
				ALWAYS_SEARCH_USER_PATHS = NO;
				ASSETCATALOG_COMPILER_GENERATE_SWIFT_ASSET_SYMBOL_EXTENSIONS = YES;
				CLANG_ANALYZER_NONNULL = YES;
				CLANG_ANALYZER_NUMBER_OBJECT_CONVERSION = YES_AGGRESSIVE;
				CLANG_CXX_LANGUAGE_STANDARD = "gnu++20";
				CLANG_ENABLE_MODULES = YES;
				CLANG_ENABLE_OBJC_ARC = YES;
				CLANG_ENABLE_OBJC_WEAK = YES;
				CLANG_WARN_BLOCK_CAPTURE_AUTORELEASING = YES;
				CLANG_WARN_BOOL_CONVERSION = YES;
				CLANG_WARN_COMMA = YES;
				CLANG_WARN_CONSTANT_CONVERSION = YES;
				CLANG_WARN_DEPRECATED_OBJC_IMPLEMENTATIONS = YES;
				CLANG_WARN_DIRECT_OBJC_ISA_USAGE = YES_ERROR;
				CLANG_WARN_DOCUMENTATION_COMMENTS = YES;
				CLANG_WARN_EMPTY_BODY = YES;
				CLANG_WARN_ENUM_CONVERSION = YES;
				CLANG_WARN_INFINITE_RECURSION = YES;
				CLANG_WARN_INT_CONVERSION = YES;
				CLANG_WARN_NON_LITERAL_NULL_CONVERSION = YES;
				CLANG_WARN_OBJC_IMPLICIT_RETAIN_SELF = YES;
				CLANG_WARN_OBJC_LITERAL_CONVERSION = YES;
				CLANG_WARN_OBJC_ROOT_CLASS = YES_ERROR;
				CLANG_WARN_QUOTED_INCLUDE_IN_FRAMEWORK_HEADER = YES;
				CLANG_WARN_RANGE_LOOP_ANALYSIS = YES;
				CLANG_WARN_STRICT_PROTOTYPES = YES;
				CLANG_WARN_SUSPICIOUS_MOVE = YES;
				CLANG_WARN_UNGUARDED_AVAILABILITY = YES_AGGRESSIVE;
				CLANG_WARN_UNREACHABLE_CODE = YES;
				CLANG_WARN__DUPLICATE_METHOD_MATCH = YES;
				COPY_PHASE_STRIP = NO;
				DEBUG_INFORMATION_FORMAT = dwarf;
				ENABLE_STRICT_OBJC_MSGSEND = YES;
				ENABLE_TESTABILITY = YES;
				ENABLE_USER_SCRIPT_SANDBOXING = YES;
				GCC_C_LANGUAGE_STANDARD = gnu17;
				GCC_DYNAMIC_NO_PIC = NO;
				GCC_NO_COMMON_BLOCKS = YES;
				GCC_OPTIMIZATION_LEVEL = 0;
				GCC_PREPROCESSOR_DEFINITIONS = (
					"DEBUG=1",
					"$(inherited)",
				);
				GCC_WARN_64_TO_32_BIT_CONVERSION = YES;
				GCC_WARN_ABOUT_RETURN_TYPE = YES_ERROR;
				GCC_WARN_UNDECLARED_SELECTOR = YES;
				GCC_WARN_UNINITIALIZED_AUTOS = YES_AGGRESSIVE;
				GCC_WARN_UNUSED_FUNCTION = YES;
				GCC_WARN_UNUSED_VARIABLE = YES;
				IPHONEOS_DEPLOYMENT_TARGET = 17.5;
				LOCALIZATION_PREFERS_STRING_CATALOGS = YES;
				MTL_ENABLE_DEBUG_INFO = INCLUDE_SOURCE;
				MTL_FAST_MATH = YES;
				ONLY_ACTIVE_ARCH = YES;
				SDKROOT = iphoneos;
				SWIFT_ACTIVE_COMPILATION_CONDITIONS = "DEBUG $(inherited)";
				SWIFT_OPTIMIZATION_LEVEL = "-Onone";
			};
			name = Debug;
		};
		38A854D92C5787E60036D517 /* Release */ = {
			isa = XCBuildConfiguration;
			buildSettings = {
				ALWAYS_SEARCH_USER_PATHS = NO;
				ASSETCATALOG_COMPILER_GENERATE_SWIFT_ASSET_SYMBOL_EXTENSIONS = YES;
				CLANG_ANALYZER_NONNULL = YES;
				CLANG_ANALYZER_NUMBER_OBJECT_CONVERSION = YES_AGGRESSIVE;
				CLANG_CXX_LANGUAGE_STANDARD = "gnu++20";
				CLANG_ENABLE_MODULES = YES;
				CLANG_ENABLE_OBJC_ARC = YES;
				CLANG_ENABLE_OBJC_WEAK = YES;
				CLANG_WARN_BLOCK_CAPTURE_AUTORELEASING = YES;
				CLANG_WARN_BOOL_CONVERSION = YES;
				CLANG_WARN_COMMA = YES;
				CLANG_WARN_CONSTANT_CONVERSION = YES;
				CLANG_WARN_DEPRECATED_OBJC_IMPLEMENTATIONS = YES;
				CLANG_WARN_DIRECT_OBJC_ISA_USAGE = YES_ERROR;
				CLANG_WARN_DOCUMENTATION_COMMENTS = YES;
				CLANG_WARN_EMPTY_BODY = YES;
				CLANG_WARN_ENUM_CONVERSION = YES;
				CLANG_WARN_INFINITE_RECURSION = YES;
				CLANG_WARN_INT_CONVERSION = YES;
				CLANG_WARN_NON_LITERAL_NULL_CONVERSION = YES;
				CLANG_WARN_OBJC_IMPLICIT_RETAIN_SELF = YES;
				CLANG_WARN_OBJC_LITERAL_CONVERSION = YES;
				CLANG_WARN_OBJC_ROOT_CLASS = YES_ERROR;
				CLANG_WARN_QUOTED_INCLUDE_IN_FRAMEWORK_HEADER = YES;
				CLANG_WARN_RANGE_LOOP_ANALYSIS = YES;
				CLANG_WARN_STRICT_PROTOTYPES = YES;
				CLANG_WARN_SUSPICIOUS_MOVE = YES;
				CLANG_WARN_UNGUARDED_AVAILABILITY = YES_AGGRESSIVE;
				CLANG_WARN_UNREACHABLE_CODE = YES;
				CLANG_WARN__DUPLICATE_METHOD_MATCH = YES;
				COPY_PHASE_STRIP = NO;
				DEBUG_INFORMATION_FORMAT = "dwarf-with-dsym";
				ENABLE_NS_ASSERTIONS = NO;
				ENABLE_STRICT_OBJC_MSGSEND = YES;
				ENABLE_USER_SCRIPT_SANDBOXING = YES;
				GCC_C_LANGUAGE_STANDARD = gnu17;
				GCC_NO_COMMON_BLOCKS = YES;
				GCC_WARN_64_TO_32_BIT_CONVERSION = YES;
				GCC_WARN_ABOUT_RETURN_TYPE = YES_ERROR;
				GCC_WARN_UNDECLARED_SELECTOR = YES;
				GCC_WARN_UNINITIALIZED_AUTOS = YES_AGGRESSIVE;
				GCC_WARN_UNUSED_FUNCTION = YES;
				GCC_WARN_UNUSED_VARIABLE = YES;
				IPHONEOS_DEPLOYMENT_TARGET = 17.5;
				LOCALIZATION_PREFERS_STRING_CATALOGS = YES;
				MTL_ENABLE_DEBUG_INFO = NO;
				MTL_FAST_MATH = YES;
				SDKROOT = iphoneos;
				SWIFT_COMPILATION_MODE = wholemodule;
				VALIDATE_PRODUCT = YES;
			};
			name = Release;
		};
		38A854DB2C5787E60036D517 /* Debug */ = {
			isa = XCBuildConfiguration;
			buildSettings = {
				ASSETCATALOG_COMPILER_APPICON_NAME = AppIcon;
				ASSETCATALOG_COMPILER_GLOBAL_ACCENT_COLOR_NAME = AccentColor;
				CODE_SIGN_ENTITLEMENTS = FitFrenzy/FitFrenzy.entitlements;
				CODE_SIGN_STYLE = Automatic;
				CURRENT_PROJECT_VERSION = 1;
				DEVELOPMENT_ASSET_PATHS = "\"FitFrenzy/Preview Content\"";
				DEVELOPMENT_TEAM = CQ8MJR8KLW;
				ENABLE_PREVIEWS = YES;
				GENERATE_INFOPLIST_FILE = YES;
				INFOPLIST_KEY_NSHealthShareUsageDescription = "Please allow access to enjoy all feature of this application";
				INFOPLIST_KEY_NSLocationWhenInUseUsageDescription = "";
				INFOPLIST_KEY_UIApplicationSceneManifest_Generation = YES;
				INFOPLIST_KEY_UIApplicationSupportsIndirectInputEvents = YES;
				INFOPLIST_KEY_UILaunchScreen_Generation = YES;
				INFOPLIST_KEY_UISupportedInterfaceOrientations_iPad = "UIInterfaceOrientationPortrait UIInterfaceOrientationPortraitUpsideDown UIInterfaceOrientationLandscapeLeft UIInterfaceOrientationLandscapeRight";
				INFOPLIST_KEY_UISupportedInterfaceOrientations_iPhone = "UIInterfaceOrientationPortrait UIInterfaceOrientationLandscapeLeft UIInterfaceOrientationLandscapeRight";
				LD_RUNPATH_SEARCH_PATHS = (
					"$(inherited)",
					"@executable_path/Frameworks",
				);
				MARKETING_VERSION = 1.0;
				PRODUCT_BUNDLE_IDENTIFIER = com.TechTonic.FitFrenzy;
				PRODUCT_NAME = "$(TARGET_NAME)";
				SWIFT_EMIT_LOC_STRINGS = YES;
				SWIFT_VERSION = 5.0;
				TARGETED_DEVICE_FAMILY = "1,2";
			};
			name = Debug;
		};
		38A854DC2C5787E60036D517 /* Release */ = {
			isa = XCBuildConfiguration;
			buildSettings = {
				ASSETCATALOG_COMPILER_APPICON_NAME = AppIcon;
				ASSETCATALOG_COMPILER_GLOBAL_ACCENT_COLOR_NAME = AccentColor;
				CODE_SIGN_ENTITLEMENTS = FitFrenzy/FitFrenzy.entitlements;
				CODE_SIGN_STYLE = Automatic;
				CURRENT_PROJECT_VERSION = 1;
				DEVELOPMENT_ASSET_PATHS = "\"FitFrenzy/Preview Content\"";
				DEVELOPMENT_TEAM = CQ8MJR8KLW;
				ENABLE_PREVIEWS = YES;
				GENERATE_INFOPLIST_FILE = YES;
				INFOPLIST_KEY_NSHealthShareUsageDescription = "Please allow access to enjoy all feature of this application";
				INFOPLIST_KEY_NSLocationWhenInUseUsageDescription = "";
				INFOPLIST_KEY_UIApplicationSceneManifest_Generation = YES;
				INFOPLIST_KEY_UIApplicationSupportsIndirectInputEvents = YES;
				INFOPLIST_KEY_UILaunchScreen_Generation = YES;
				INFOPLIST_KEY_UISupportedInterfaceOrientations_iPad = "UIInterfaceOrientationPortrait UIInterfaceOrientationPortraitUpsideDown UIInterfaceOrientationLandscapeLeft UIInterfaceOrientationLandscapeRight";
				INFOPLIST_KEY_UISupportedInterfaceOrientations_iPhone = "UIInterfaceOrientationPortrait UIInterfaceOrientationLandscapeLeft UIInterfaceOrientationLandscapeRight";
				LD_RUNPATH_SEARCH_PATHS = (
					"$(inherited)",
					"@executable_path/Frameworks",
				);
				MARKETING_VERSION = 1.0;
				PRODUCT_BUNDLE_IDENTIFIER = com.TechTonic.FitFrenzy;
				PRODUCT_NAME = "$(TARGET_NAME)";
				SWIFT_EMIT_LOC_STRINGS = YES;
				SWIFT_VERSION = 5.0;
				TARGETED_DEVICE_FAMILY = "1,2";
			};
			name = Release;
		};
		38A854DE2C5787E60036D517 /* Debug */ = {
			isa = XCBuildConfiguration;
			buildSettings = {
				ALWAYS_EMBED_SWIFT_STANDARD_LIBRARIES = YES;
				BUNDLE_LOADER = "$(TEST_HOST)";
				CODE_SIGN_STYLE = Automatic;
				CURRENT_PROJECT_VERSION = 1;
				DEVELOPMENT_TEAM = CQ8MJR8KLW;
				GENERATE_INFOPLIST_FILE = YES;
				IPHONEOS_DEPLOYMENT_TARGET = 17.5;
				MARKETING_VERSION = 1.0;
				PRODUCT_BUNDLE_IDENTIFIER = com.TechTonic.FitFrenzyTests;
				PRODUCT_NAME = "$(TARGET_NAME)";
				SWIFT_EMIT_LOC_STRINGS = NO;
				SWIFT_VERSION = 5.0;
				TARGETED_DEVICE_FAMILY = "1,2";
				TEST_HOST = "$(BUILT_PRODUCTS_DIR)/FitFrenzy.app/$(BUNDLE_EXECUTABLE_FOLDER_PATH)/FitFrenzy";
			};
			name = Debug;
		};
		38A854DF2C5787E60036D517 /* Release */ = {
			isa = XCBuildConfiguration;
			buildSettings = {
				ALWAYS_EMBED_SWIFT_STANDARD_LIBRARIES = YES;
				BUNDLE_LOADER = "$(TEST_HOST)";
				CODE_SIGN_STYLE = Automatic;
				CURRENT_PROJECT_VERSION = 1;
				DEVELOPMENT_TEAM = CQ8MJR8KLW;
				GENERATE_INFOPLIST_FILE = YES;
				IPHONEOS_DEPLOYMENT_TARGET = 17.5;
				MARKETING_VERSION = 1.0;
				PRODUCT_BUNDLE_IDENTIFIER = com.TechTonic.FitFrenzyTests;
				PRODUCT_NAME = "$(TARGET_NAME)";
				SWIFT_EMIT_LOC_STRINGS = NO;
				SWIFT_VERSION = 5.0;
				TARGETED_DEVICE_FAMILY = "1,2";
				TEST_HOST = "$(BUILT_PRODUCTS_DIR)/FitFrenzy.app/$(BUNDLE_EXECUTABLE_FOLDER_PATH)/FitFrenzy";
			};
			name = Release;
		};
		38A854E12C5787E60036D517 /* Debug */ = {
			isa = XCBuildConfiguration;
			buildSettings = {
				ALWAYS_EMBED_SWIFT_STANDARD_LIBRARIES = YES;
				CODE_SIGN_STYLE = Automatic;
				CURRENT_PROJECT_VERSION = 1;
				DEVELOPMENT_TEAM = CQ8MJR8KLW;
				GENERATE_INFOPLIST_FILE = YES;
				MARKETING_VERSION = 1.0;
				PRODUCT_BUNDLE_IDENTIFIER = com.TechTonic.FitFrenzyUITests;
				PRODUCT_NAME = "$(TARGET_NAME)";
				SWIFT_EMIT_LOC_STRINGS = NO;
				SWIFT_VERSION = 5.0;
				TARGETED_DEVICE_FAMILY = "1,2";
				TEST_TARGET_NAME = FitFrenzy;
			};
			name = Debug;
		};
		38A854E22C5787E60036D517 /* Release */ = {
			isa = XCBuildConfiguration;
			buildSettings = {
				ALWAYS_EMBED_SWIFT_STANDARD_LIBRARIES = YES;
				CODE_SIGN_STYLE = Automatic;
				CURRENT_PROJECT_VERSION = 1;
				DEVELOPMENT_TEAM = CQ8MJR8KLW;
				GENERATE_INFOPLIST_FILE = YES;
				MARKETING_VERSION = 1.0;
				PRODUCT_BUNDLE_IDENTIFIER = com.TechTonic.FitFrenzyUITests;
				PRODUCT_NAME = "$(TARGET_NAME)";
				SWIFT_EMIT_LOC_STRINGS = NO;
				SWIFT_VERSION = 5.0;
				TARGETED_DEVICE_FAMILY = "1,2";
				TEST_TARGET_NAME = FitFrenzy;
			};
			name = Release;
		};
/* End XCBuildConfiguration section */

/* Begin XCConfigurationList section */
		38A854B12C5787E40036D517 /* Build configuration list for PBXProject "FitFrenzy" */ = {
			isa = XCConfigurationList;
			buildConfigurations = (
				38A854D82C5787E60036D517 /* Debug */,
				38A854D92C5787E60036D517 /* Release */,
			);
			defaultConfigurationIsVisible = 0;
			defaultConfigurationName = Release;
		};
		38A854DA2C5787E60036D517 /* Build configuration list for PBXNativeTarget "FitFrenzy" */ = {
			isa = XCConfigurationList;
			buildConfigurations = (
				38A854DB2C5787E60036D517 /* Debug */,
				38A854DC2C5787E60036D517 /* Release */,
			);
			defaultConfigurationIsVisible = 0;
			defaultConfigurationName = Release;
		};
		38A854DD2C5787E60036D517 /* Build configuration list for PBXNativeTarget "FitFrenzyTests" */ = {
			isa = XCConfigurationList;
			buildConfigurations = (
				38A854DE2C5787E60036D517 /* Debug */,
				38A854DF2C5787E60036D517 /* Release */,
			);
			defaultConfigurationIsVisible = 0;
			defaultConfigurationName = Release;
		};
		38A854E02C5787E60036D517 /* Build configuration list for PBXNativeTarget "FitFrenzyUITests" */ = {
			isa = XCConfigurationList;
			buildConfigurations = (
				38A854E12C5787E60036D517 /* Debug */,
				38A854E22C5787E60036D517 /* Release */,
			);
			defaultConfigurationIsVisible = 0;
			defaultConfigurationName = Release;
		};
/* End XCConfigurationList section */
	};
	rootObject = 38A854AE2C5787E40036D517 /* Project object */;
}
